
Microsoft Visual Studio Solution File, Format Version 12.00
# Visual Studio 15
Project("{FAE04EC0-301F-11D3-BF4B-00C04F79EFBC}") = "Assembly-CSharp", "Assembly-CSharp.csproj", "{F73A440A-FF40-A0AC-6652-879EB0765A38}"
EndProject
Project("{FAE04EC0-301F-11D3-BF4B-00C04F79EFBC}") = "Assembly-CSharp-firstpass", "Assembly-CSharp-firstpass.csproj", "{7EF2A7FF-6835-0881-D28B-C12FE64C3EB8}"
EndProject
Global
	GlobalSection(SolutionConfigurationPlatforms) = preSolution
		Debug|Any CPU = Debug|Any CPU
		Release|Any CPU = Release|Any CPU
	EndGlobalSection
	GlobalSection(ProjectConfigurationPlatforms) = postSolution
		{F73A440A-FF40-A0AC-6652-879EB0765A38}.Debug|Any CPU.ActiveCfg = Debug|Any CPU
		{F73A440A-FF40-A0AC-6652-879EB0765A38}.Debug|Any CPU.Build.0 = Debug|Any CPU
		{F73A440A-FF40-A0AC-6652-879EB0765A38}.Release|Any CPU.ActiveCfg = Release|Any CPU
		{F73A440A-FF40-A0AC-6652-879EB0765A38}.Release|Any CPU.Build.0 = Release|Any CPU
		{7EF2A7FF-6835-0881-D28B-C12FE64C3EB8}.Debug|Any CPU.ActiveCfg = Debug|Any CPU
		{7EF2A7FF-6835-0881-D28B-C12FE64C3EB8}.Debug|Any CPU.Build.0 = Debug|Any CPU
		{7EF2A7FF-6835-0881-D28B-C12FE64C3EB8}.Release|Any CPU.ActiveCfg = Release|Any CPU
		{7EF2A7FF-6835-0881-D28B-C12FE64C3EB8}.Release|Any CPU.Build.0 = Release|Any CPU
	EndGlobalSection
	GlobalSection(SolutionProperties) = preSolution
		HideSolutionNode = FALSE
	EndGlobalSection
EndGlobal
